
Microsoft Visual Studio Solution File, Format Version 12.00
# Visual Studio Version 17
VisualStudioVersion = 17.9.34728.123
MinimumVisualStudioVersion = 10.0.40219.1
Project("{FAE04EC0-301F-11D3-BF4B-00C04F79EFBC}") = "Projeto2_NIF_Web_Razor", "Projeto2_NIF_Web_Razor\Projeto2_NIF_Web_Razor.csproj", "{740F197E-7BCB-4CB3-9652-52956380FCFD}"
EndProject
Global
	GlobalSection(SolutionConfigurationPlatforms) = preSolution
		Debug|Any CPU = Debug|Any CPU
		Release|Any CPU = Release|Any CPU
	EndGlobalSection
	GlobalSection(ProjectConfigurationPlatforms) = postSolution
		{740F197E-7BCB-4CB3-9652-52956380FCFD}.Debug|Any CPU.ActiveCfg = Debug|Any CPU
		{740F197E-7BCB-4CB3-9652-52956380FCFD}.Debug|Any CPU.Build.0 = Debug|Any CPU
		{740F197E-7BCB-4CB3-9652-52956380FCFD}.Release|Any CPU.ActiveCfg = Release|Any CPU
		{740F197E-7BCB-4CB3-9652-52956380FCFD}.Release|Any CPU.Build.0 = Release|Any CPU
	EndGlobalSection
	GlobalSection(SolutionProperties) = preSolution
		HideSolutionNode = FALSE
	EndGlobalSection
	GlobalSection(ExtensibilityGlobals) = postSolution
		SolutionGuid = {C4F26A43-53DA-491D-94E1-81767514B9D7}
	EndGlobalSection
EndGlobal
